
Microsoft Visual Studio Solution File, Format Version 12.00
# Visual Studio Version 17
VisualStudioVersion = 17.2.32505.173
MinimumVisualStudioVersion = 10.0.40219.1
Project("{FAE04EC0-301F-11D3-BF4B-00C04F79EFBC}") = "Lesson1.1", "Lesson1.1\Lesson1.1.csproj", "{7B568F53-2CDD-431E-AFC4-B6C587D8204C}"
EndProject
Project("{FAE04EC0-301F-11D3-BF4B-00C04F79EFBC}") = "Lesson1.2", "Lesson1.2\Lesson1.2.csproj", "{A68772CA-8142-4C23-BEA0-73D66497D294}"
EndProject
Project("{FAE04EC0-301F-11D3-BF4B-00C04F79EFBC}") = "Lesson1.3", "Lesson1.3\Lesson1.3.csproj", "{71C7FCDF-8DB7-4EA8-9C21-B307AE97137E}"
EndProject
Project("{FAE04EC0-301F-11D3-BF4B-00C04F79EFBC}") = "Lesson2.1", "Lesson2.1\Lesson2.1.csproj", "{8CCA44C4-8B55-4C26-A4BC-A763496655C4}"
EndProject
Project("{FAE04EC0-301F-11D3-BF4B-00C04F79EFBC}") = "Lesson2.2", "Lesson2.2\Lesson2.2.csproj", "{50601488-84E8-4D97-B9D2-9B4B64113435}"
EndProject
Project("{FAE04EC0-301F-11D3-BF4B-00C04F79EFBC}") = "Lesson2.3", "Lesson2.3\Lesson2.3.csproj", "{5D9F3DE7-430B-416D-BBF7-562569A93D7B}"
EndProject
Project("{FAE04EC0-301F-11D3-BF4B-00C04F79EFBC}") = "Lesson2.4", "Lesson2.4\Lesson2.4.csproj", "{5886E282-0840-4A44-9CAA-132D666CC9A5}"
EndProject
Project("{FAE04EC0-301F-11D3-BF4B-00C04F79EFBC}") = "Lesson2.6", "Lesson2.6\Lesson2.6.csproj", "{CF659A56-7FCB-4C06-A943-E7B7C33C9CB2}"
EndProject
Project("{FAE04EC0-301F-11D3-BF4B-00C04F79EFBC}") = "Lesson3.1", "Lesson3.1\Lesson3.1.csproj", "{6E7E94A7-1928-4358-9355-7C997D93409B}"
EndProject
Project("{FAE04EC0-301F-11D3-BF4B-00C04F79EFBC}") = "Lesson3.2", "Lesson3.2\Lesson3.2.csproj", "{CDC1B30E-3045-4595-A79E-F5ACA0297AD9}"
EndProject
Project("{FAE04EC0-301F-11D3-BF4B-00C04F79EFBC}") = "Lesson3.3", "Lesson3.3\Lesson3.3.csproj", "{7692616E-E95C-434A-B0EC-D361F464B1C6}"
EndProject
Project("{FAE04EC0-301F-11D3-BF4B-00C04F79EFBC}") = "Lesson3.4", "Lesson3.4\Lesson3.4.csproj", "{7B335F6C-53E5-457F-85E9-2C3F41E7CAE4}"
EndProject
Project("{FAE04EC0-301F-11D3-BF4B-00C04F79EFBC}") = "Lesson3.5", "Lesson3.5\Lesson3.5.csproj", "{299F6726-BA38-45D3-ACD4-252DE59DAD63}"
EndProject
Project("{FAE04EC0-301F-11D3-BF4B-00C04F79EFBC}") = "Lesson3.6", "Lesson3.6\Lesson3.6.csproj", "{286D95CA-E291-49A0-9B11-78979593C6A5}"
EndProject
Project("{FAE04EC0-301F-11D3-BF4B-00C04F79EFBC}") = "Lesson3.7", "Lesson3.7\Lesson3.7.csproj", "{743DBE4A-C546-4CFB-A72E-5A92AE02C6D3}"
EndProject
Project("{FAE04EC0-301F-11D3-BF4B-00C04F79EFBC}") = "Lesson4.1", "Lesson4.1\Lesson4.1.csproj", "{8B0E7D77-305A-4893-BFED-45107D1500B1}"
EndProject
Project("{FAE04EC0-301F-11D3-BF4B-00C04F79EFBC}") = "Lesson4.3", "Lesson4.3\Lesson4.3.csproj", "{D45AC326-3349-447C-8920-07A5F655306A}"
EndProject
Project("{FAE04EC0-301F-11D3-BF4B-00C04F79EFBC}") = "Lesson4.4", "Lesson4.4\Lesson4.4.csproj", "{2DE7EC55-D20E-4ADE-B004-1B538F155AE8}"
EndProject
Global
	GlobalSection(SolutionConfigurationPlatforms) = preSolution
		Debug|Any CPU = Debug|Any CPU
		Release|Any CPU = Release|Any CPU
	EndGlobalSection
	GlobalSection(ProjectConfigurationPlatforms) = postSolution
		{7B568F53-2CDD-431E-AFC4-B6C587D8204C}.Debug|Any CPU.ActiveCfg = Debug|Any CPU
		{7B568F53-2CDD-431E-AFC4-B6C587D8204C}.Debug|Any CPU.Build.0 = Debug|Any CPU
		{7B568F53-2CDD-431E-AFC4-B6C587D8204C}.Release|Any CPU.ActiveCfg = Release|Any CPU
		{7B568F53-2CDD-431E-AFC4-B6C587D8204C}.Release|Any CPU.Build.0 = Release|Any CPU
		{A68772CA-8142-4C23-BEA0-73D66497D294}.Debug|Any CPU.ActiveCfg = Debug|Any CPU
		{A68772CA-8142-4C23-BEA0-73D66497D294}.Debug|Any CPU.Build.0 = Debug|Any CPU
		{A68772CA-8142-4C23-BEA0-73D66497D294}.Release|Any CPU.ActiveCfg = Release|Any CPU
		{A68772CA-8142-4C23-BEA0-73D66497D294}.Release|Any CPU.Build.0 = Release|Any CPU
		{71C7FCDF-8DB7-4EA8-9C21-B307AE97137E}.Debug|Any CPU.ActiveCfg = Debug|Any CPU
		{71C7FCDF-8DB7-4EA8-9C21-B307AE97137E}.Debug|Any CPU.Build.0 = Debug|Any CPU
		{71C7FCDF-8DB7-4EA8-9C21-B307AE97137E}.Release|Any CPU.ActiveCfg = Release|Any CPU
		{71C7FCDF-8DB7-4EA8-9C21-B307AE97137E}.Release|Any CPU.Build.0 = Release|Any CPU
		{8CCA44C4-8B55-4C26-A4BC-A763496655C4}.Debug|Any CPU.ActiveCfg = Debug|Any CPU
		{8CCA44C4-8B55-4C26-A4BC-A763496655C4}.Debug|Any CPU.Build.0 = Debug|Any CPU
		{8CCA44C4-8B55-4C26-A4BC-A763496655C4}.Release|Any CPU.ActiveCfg = Release|Any CPU
		{8CCA44C4-8B55-4C26-A4BC-A763496655C4}.Release|Any CPU.Build.0 = Release|Any CPU
		{50601488-84E8-4D97-B9D2-9B4B64113435}.Debug|Any CPU.ActiveCfg = Debug|Any CPU
		{50601488-84E8-4D97-B9D2-9B4B64113435}.Debug|Any CPU.Build.0 = Debug|Any CPU
		{50601488-84E8-4D97-B9D2-9B4B64113435}.Release|Any CPU.ActiveCfg = Release|Any CPU
		{50601488-84E8-4D97-B9D2-9B4B64113435}.Release|Any CPU.Build.0 = Release|Any CPU
		{5D9F3DE7-430B-416D-BBF7-562569A93D7B}.Debug|Any CPU.ActiveCfg = Debug|Any CPU
		{5D9F3DE7-430B-416D-BBF7-562569A93D7B}.Debug|Any CPU.Build.0 = Debug|Any CPU
		{5D9F3DE7-430B-416D-BBF7-562569A93D7B}.Release|Any CPU.ActiveCfg = Release|Any CPU
		{5D9F3DE7-430B-416D-BBF7-562569A93D7B}.Release|Any CPU.Build.0 = Release|Any CPU
		{5886E282-0840-4A44-9CAA-132D666CC9A5}.Debug|Any CPU.ActiveCfg = Debug|Any CPU
		{5886E282-0840-4A44-9CAA-132D666CC9A5}.Debug|Any CPU.Build.0 = Debug|Any CPU
		{5886E282-0840-4A44-9CAA-132D666CC9A5}.Release|Any CPU.ActiveCfg = Release|Any CPU
		{5886E282-0840-4A44-9CAA-132D666CC9A5}.Release|Any CPU.Build.0 = Release|Any CPU
		{CF659A56-7FCB-4C06-A943-E7B7C33C9CB2}.Debug|Any CPU.ActiveCfg = Debug|Any CPU
		{CF659A56-7FCB-4C06-A943-E7B7C33C9CB2}.Debug|Any CPU.Build.0 = Debug|Any CPU
		{CF659A56-7FCB-4C06-A943-E7B7C33C9CB2}.Release|Any CPU.ActiveCfg = Release|Any CPU
		{CF659A56-7FCB-4C06-A943-E7B7C33C9CB2}.Release|Any CPU.Build.0 = Release|Any CPU
		{6E7E94A7-1928-4358-9355-7C997D93409B}.Debug|Any CPU.ActiveCfg = Debug|Any CPU
		{6E7E94A7-1928-4358-9355-7C997D93409B}.Debug|Any CPU.Build.0 = Debug|Any CPU
		{6E7E94A7-1928-4358-9355-7C997D93409B}.Release|Any CPU.ActiveCfg = Release|Any CPU
		{6E7E94A7-1928-4358-9355-7C997D93409B}.Release|Any CPU.Build.0 = Release|Any CPU
		{CDC1B30E-3045-4595-A79E-F5ACA0297AD9}.Debug|Any CPU.ActiveCfg = Debug|Any CPU
		{CDC1B30E-3045-4595-A79E-F5ACA0297AD9}.Debug|Any CPU.Build.0 = Debug|Any CPU
		{CDC1B30E-3045-4595-A79E-F5ACA0297AD9}.Release|Any CPU.ActiveCfg = Release|Any CPU
		{CDC1B30E-3045-4595-A79E-F5ACA0297AD9}.Release|Any CPU.Build.0 = Release|Any CPU
		{7692616E-E95C-434A-B0EC-D361F464B1C6}.Debug|Any CPU.ActiveCfg = Debug|Any CPU
		{7692616E-E95C-434A-B0EC-D361F464B1C6}.Debug|Any CPU.Build.0 = Debug|Any CPU
		{7692616E-E95C-434A-B0EC-D361F464B1C6}.Release|Any CPU.ActiveCfg = Release|Any CPU
		{7692616E-E95C-434A-B0EC-D361F464B1C6}.Release|Any CPU.Build.0 = Release|Any CPU
		{7B335F6C-53E5-457F-85E9-2C3F41E7CAE4}.Debug|Any CPU.ActiveCfg = Debug|Any CPU
		{7B335F6C-53E5-457F-85E9-2C3F41E7CAE4}.Debug|Any CPU.Build.0 = Debug|Any CPU
		{7B335F6C-53E5-457F-85E9-2C3F41E7CAE4}.Release|Any CPU.ActiveCfg = Release|Any CPU
		{7B335F6C-53E5-457F-85E9-2C3F41E7CAE4}.Release|Any CPU.Build.0 = Release|Any CPU
		{299F6726-BA38-45D3-ACD4-252DE59DAD63}.Debug|Any CPU.ActiveCfg = Debug|Any CPU
		{299F6726-BA38-45D3-ACD4-252DE59DAD63}.Debug|Any CPU.Build.0 = Debug|Any CPU
		{299F6726-BA38-45D3-ACD4-252DE59DAD63}.Release|Any CPU.ActiveCfg = Release|Any CPU
		{299F6726-BA38-45D3-ACD4-252DE59DAD63}.Release|Any CPU.Build.0 = Release|Any CPU
		{286D95CA-E291-49A0-9B11-78979593C6A5}.Debug|Any CPU.ActiveCfg = Debug|Any CPU
		{286D95CA-E291-49A0-9B11-78979593C6A5}.Debug|Any CPU.Build.0 = Debug|Any CPU
		{286D95CA-E291-49A0-9B11-78979593C6A5}.Release|Any CPU.ActiveCfg = Release|Any CPU
		{286D95CA-E291-49A0-9B11-78979593C6A5}.Release|Any CPU.Build.0 = Release|Any CPU
		{743DBE4A-C546-4CFB-A72E-5A92AE02C6D3}.Debug|Any CPU.ActiveCfg = Debug|Any CPU
		{743DBE4A-C546-4CFB-A72E-5A92AE02C6D3}.Debug|Any CPU.Build.0 = Debug|Any CPU
		{743DBE4A-C546-4CFB-A72E-5A92AE02C6D3}.Release|Any CPU.ActiveCfg = Release|Any CPU
		{743DBE4A-C546-4CFB-A72E-5A92AE02C6D3}.Release|Any CPU.Build.0 = Release|Any CPU
		{8B0E7D77-305A-4893-BFED-45107D1500B1}.Debug|Any CPU.ActiveCfg = Debug|Any CPU
		{8B0E7D77-305A-4893-BFED-45107D1500B1}.Debug|Any CPU.Build.0 = Debug|Any CPU
		{8B0E7D77-305A-4893-BFED-45107D1500B1}.Release|Any CPU.ActiveCfg = Release|Any CPU
		{8B0E7D77-305A-4893-BFED-45107D1500B1}.Release|Any CPU.Build.0 = Release|Any CPU
		{D45AC326-3349-447C-8920-07A5F655306A}.Debug|Any CPU.ActiveCfg = Debug|Any CPU
		{D45AC326-3349-447C-8920-07A5F655306A}.Debug|Any CPU.Build.0 = Debug|Any CPU
		{D45AC326-3349-447C-8920-07A5F655306A}.Release|Any CPU.ActiveCfg = Release|Any CPU
		{D45AC326-3349-447C-8920-07A5F655306A}.Release|Any CPU.Build.0 = Release|Any CPU
		{2DE7EC55-D20E-4ADE-B004-1B538F155AE8}.Debug|Any CPU.ActiveCfg = Debug|Any CPU
		{2DE7EC55-D20E-4ADE-B004-1B538F155AE8}.Debug|Any CPU.Build.0 = Debug|Any CPU
		{2DE7EC55-D20E-4ADE-B004-1B538F155AE8}.Release|Any CPU.ActiveCfg = Release|Any CPU
		{2DE7EC55-D20E-4ADE-B004-1B538F155AE8}.Release|Any CPU.Build.0 = Release|Any CPU
	EndGlobalSection
	GlobalSection(SolutionProperties) = preSolution
		HideSolutionNode = FALSE
	EndGlobalSection
	GlobalSection(ExtensibilityGlobals) = postSolution
		SolutionGuid = {D037487A-7093-4418-9BA6-FB57B10136E7}
	EndGlobalSection
EndGlobal
